<Solution>
  <Folder Name="/Itens de Solução/">
    <File Path=".env" />
    <File Path=".gitignore" />
    <File Path="docker-compose.yml" />
  </Folder>
  <Project Path="DevJourney.AuthService.API/DevJourney.AuthService.Api.csproj" />
  <Project Path="DevJourney.AuthService.Application/DevJourney.AuthService.Application.csproj" />
  <Project Path="DevJourney.AuthService.Domain/DevJourney.AuthService.Domain.csproj" />
  <Project Path="DevJourney.AuthService.Infrastructure/DevJourney.AuthService.Infrastructure.csproj" />
  <Project Path="DevJourney.AuthService.Tests/DevJourney.AuthService.Tests.csproj" />
</Solution>
